
Microsoft Visual Studio Solution File, Format Version 12.00
# Visual Studio 14
VisualStudioVersion = 14.0.24720.0
MinimumVisualStudioVersion = 10.0.40219.1
Project("{FAE04EC0-301F-11D3-BF4B-00C04F79EFBC}") = "EX_02", "EX_02\EX_02.csproj", "{865D5025-6976-4633-BBAE-1E7EF90647F2}"
EndProject
Project("{FAE04EC0-301F-11D3-BF4B-00C04F79EFBC}") = "UnitTestProject1", "UnitTestProject1\UnitTestProject1.csproj", "{91DB1149-00DE-42CC-8F7B-DFB3824EB37B}"
EndProject
Global
	GlobalSection(SolutionConfigurationPlatforms) = preSolution
		Debug|Any CPU = Debug|Any CPU
		Release|Any CPU = Release|Any CPU
	EndGlobalSection
	GlobalSection(ProjectConfigurationPlatforms) = postSolution
		{865D5025-6976-4633-BBAE-1E7EF90647F2}.Debug|Any CPU.ActiveCfg = Debug|Any CPU
		{865D5025-6976-4633-BBAE-1E7EF90647F2}.Debug|Any CPU.Build.0 = Debug|Any CPU
		{865D5025-6976-4633-BBAE-1E7EF90647F2}.Release|Any CPU.ActiveCfg = Release|Any CPU
		{865D5025-6976-4633-BBAE-1E7EF90647F2}.Release|Any CPU.Build.0 = Release|Any CPU
		{91DB1149-00DE-42CC-8F7B-DFB3824EB37B}.Debug|Any CPU.ActiveCfg = Debug|Any CPU
		{91DB1149-00DE-42CC-8F7B-DFB3824EB37B}.Debug|Any CPU.Build.0 = Debug|Any CPU
		{91DB1149-00DE-42CC-8F7B-DFB3824EB37B}.Release|Any CPU.ActiveCfg = Release|Any CPU
		{91DB1149-00DE-42CC-8F7B-DFB3824EB37B}.Release|Any CPU.Build.0 = Release|Any CPU
	EndGlobalSection
	GlobalSection(SolutionProperties) = preSolution
		HideSolutionNode = FALSE
	EndGlobalSection
EndGlobal
